
Microsoft Visual Studio Solution File, Format Version 12.00
# Visual Studio Version 17
VisualStudioVersion = 17.1.32407.343
MinimumVisualStudioVersion = 10.0.40219.1
Project("{FAE04EC0-301F-11D3-BF4B-00C04F79EFBC}") = "Projeto_DA_Restaurante", "Projeto_DA_Restaurante\Projeto_DA_Restaurante.csproj", "{C6B799CC-A42A-4424-B9A1-E99EDA2D98B8}"
EndProject
Global
	GlobalSection(SolutionConfigurationPlatforms) = preSolution
		Debug|Any CPU = Debug|Any CPU
		Release|Any CPU = Release|Any CPU
	EndGlobalSection
	GlobalSection(ProjectConfigurationPlatforms) = postSolution
		{C6B799CC-A42A-4424-B9A1-E99EDA2D98B8}.Debug|Any CPU.ActiveCfg = Debug|Any CPU
		{C6B799CC-A42A-4424-B9A1-E99EDA2D98B8}.Debug|Any CPU.Build.0 = Debug|Any CPU
		{C6B799CC-A42A-4424-B9A1-E99EDA2D98B8}.Release|Any CPU.ActiveCfg = Release|Any CPU
		{C6B799CC-A42A-4424-B9A1-E99EDA2D98B8}.Release|Any CPU.Build.0 = Release|Any CPU
	EndGlobalSection
	GlobalSection(SolutionProperties) = preSolution
		HideSolutionNode = FALSE
	EndGlobalSection
	GlobalSection(ExtensibilityGlobals) = postSolution
		SolutionGuid = {CD5AC0D4-97FF-4828-B65A-831BE77D19F9}
	EndGlobalSection
EndGlobal
